
Microsoft Visual Studio Solution File, Format Version 12.00
# Visual Studio Version 17
VisualStudioVersion = 17.14.36202.13
MinimumVisualStudioVersion = 10.0.40219.1
Project("{FAE04EC0-301F-11D3-BF4B-00C04F79EFBC}") = "ApplicationTracker.Api", "ApplicationTracker\ApplicationTracker.Api.csproj", "{CFF762D7-D251-4C6B-80C6-E7DEFE8FB8F5}"
EndProject
Project("{2150E333-8FDC-42A3-9474-1A3956D46DE8}") = "Solution Items", "Solution Items", "{8EC462FD-D22E-90A8-E5CE-7E832BA40C5D}"
	ProjectSection(SolutionItems) = preProject
		TextFile1.txt = TextFile1.txt
	EndProjectSection
EndProject
Project("{FAE04EC0-301F-11D3-BF4B-00C04F79EFBC}") = "ApplicationTracker.Application", "ApplicationTracker.Application\ApplicationTracker.Application.csproj", "{599D5011-E01A-41B0-A8FC-2F11F72F7295}"
EndProject
Project("{FAE04EC0-301F-11D3-BF4B-00C04F79EFBC}") = "ApplicationTracker.Data", "ApplicationTracker.Data\ApplicationTracker.Data.csproj", "{9CF7ED7A-F1FC-4B03-B617-980AF01AA919}"
EndProject
Project("{FAE04EC0-301F-11D3-BF4B-00C04F79EFBC}") = "ApplicationTracker.Domain", "ApplicationTracker.Domain\ApplicationTracker.Domain.csproj", "{CEDAAFD3-962E-48F8-A32B-A8BD9934E57E}"
EndProject
Global
	GlobalSection(SolutionConfigurationPlatforms) = preSolution
		Debug|Any CPU = Debug|Any CPU
		Release|Any CPU = Release|Any CPU
	EndGlobalSection
	GlobalSection(ProjectConfigurationPlatforms) = postSolution
		{CFF762D7-D251-4C6B-80C6-E7DEFE8FB8F5}.Debug|Any CPU.ActiveCfg = Debug|Any CPU
		{CFF762D7-D251-4C6B-80C6-E7DEFE8FB8F5}.Debug|Any CPU.Build.0 = Debug|Any CPU
		{CFF762D7-D251-4C6B-80C6-E7DEFE8FB8F5}.Release|Any CPU.ActiveCfg = Release|Any CPU
		{CFF762D7-D251-4C6B-80C6-E7DEFE8FB8F5}.Release|Any CPU.Build.0 = Release|Any CPU
		{599D5011-E01A-41B0-A8FC-2F11F72F7295}.Debug|Any CPU.ActiveCfg = Debug|Any CPU
		{599D5011-E01A-41B0-A8FC-2F11F72F7295}.Debug|Any CPU.Build.0 = Debug|Any CPU
		{599D5011-E01A-41B0-A8FC-2F11F72F7295}.Release|Any CPU.ActiveCfg = Release|Any CPU
		{599D5011-E01A-41B0-A8FC-2F11F72F7295}.Release|Any CPU.Build.0 = Release|Any CPU
		{9CF7ED7A-F1FC-4B03-B617-980AF01AA919}.Debug|Any CPU.ActiveCfg = Debug|Any CPU
		{9CF7ED7A-F1FC-4B03-B617-980AF01AA919}.Debug|Any CPU.Build.0 = Debug|Any CPU
		{9CF7ED7A-F1FC-4B03-B617-980AF01AA919}.Release|Any CPU.ActiveCfg = Release|Any CPU
		{9CF7ED7A-F1FC-4B03-B617-980AF01AA919}.Release|Any CPU.Build.0 = Release|Any CPU
		{CEDAAFD3-962E-48F8-A32B-A8BD9934E57E}.Debug|Any CPU.ActiveCfg = Debug|Any CPU
		{CEDAAFD3-962E-48F8-A32B-A8BD9934E57E}.Debug|Any CPU.Build.0 = Debug|Any CPU
		{CEDAAFD3-962E-48F8-A32B-A8BD9934E57E}.Release|Any CPU.ActiveCfg = Release|Any CPU
		{CEDAAFD3-962E-48F8-A32B-A8BD9934E57E}.Release|Any CPU.Build.0 = Release|Any CPU
	EndGlobalSection
	GlobalSection(SolutionProperties) = preSolution
		HideSolutionNode = FALSE
	EndGlobalSection
	GlobalSection(ExtensibilityGlobals) = postSolution
		SolutionGuid = {9455DA59-0537-4B8F-B809-A5909C9F5B05}
	EndGlobalSection
EndGlobal
